
Microsoft Visual Studio Solution File, Format Version 12.00
# Visual Studio Version 16
VisualStudioVersion = 16.0.30717.126
MinimumVisualStudioVersion = 10.0.40219.1
Project("{FAE04EC0-301F-11D3-BF4B-00C04F79EFBC}") = "Unearth.Experiment.BlazorStateNoAuth", "Unearth.Experiment.BlazorStateNoAuth\Unearth.Experiment.BlazorStateNoAuth.csproj", "{B33D08F2-C915-4F1D-A206-1602D62FC609}"
EndProject
Global
	GlobalSection(SolutionConfigurationPlatforms) = preSolution
		Debug|Any CPU = Debug|Any CPU
		Release|Any CPU = Release|Any CPU
	EndGlobalSection
	GlobalSection(ProjectConfigurationPlatforms) = postSolution
		{B33D08F2-C915-4F1D-A206-1602D62FC609}.Debug|Any CPU.ActiveCfg = Debug|Any CPU
		{B33D08F2-C915-4F1D-A206-1602D62FC609}.Debug|Any CPU.Build.0 = Debug|Any CPU
		{B33D08F2-C915-4F1D-A206-1602D62FC609}.Release|Any CPU.ActiveCfg = Release|Any CPU
		{B33D08F2-C915-4F1D-A206-1602D62FC609}.Release|Any CPU.Build.0 = Release|Any CPU
	EndGlobalSection
	GlobalSection(SolutionProperties) = preSolution
		HideSolutionNode = FALSE
	EndGlobalSection
	GlobalSection(ExtensibilityGlobals) = postSolution
		SolutionGuid = {8E5D755D-ABCA-4176-9A76-A043BC3BAA14}
	EndGlobalSection
EndGlobal
